
Microsoft Visual Studio Solution File, Format Version 12.00
# Visual Studio Version 17
VisualStudioVersion = 17.7.34202.233
MinimumVisualStudioVersion = 10.0.40219.1
Project("{FAE04EC0-301F-11D3-BF4B-00C04F79EFBC}") = "exercicio_03", "exercicio_03\exercicio_03.csproj", "{3ECA7028-D50A-4F3F-8EB0-9AF3B331D992}"
EndProject
Global
	GlobalSection(SolutionConfigurationPlatforms) = preSolution
		Debug|Any CPU = Debug|Any CPU
		Release|Any CPU = Release|Any CPU
	EndGlobalSection
	GlobalSection(ProjectConfigurationPlatforms) = postSolution
		{3ECA7028-D50A-4F3F-8EB0-9AF3B331D992}.Debug|Any CPU.ActiveCfg = Debug|Any CPU
		{3ECA7028-D50A-4F3F-8EB0-9AF3B331D992}.Debug|Any CPU.Build.0 = Debug|Any CPU
		{3ECA7028-D50A-4F3F-8EB0-9AF3B331D992}.Release|Any CPU.ActiveCfg = Release|Any CPU
		{3ECA7028-D50A-4F3F-8EB0-9AF3B331D992}.Release|Any CPU.Build.0 = Release|Any CPU
	EndGlobalSection
	GlobalSection(SolutionProperties) = preSolution
		HideSolutionNode = FALSE
	EndGlobalSection
	GlobalSection(ExtensibilityGlobals) = postSolution
		SolutionGuid = {69DBAD61-BC36-442A-8C63-391D2D96DD90}
	EndGlobalSection
EndGlobal
